// !$*UTF8*$!
{
	archiveVersion = 1;
	classes = {
	};
	objectVersion = 48;
	objects = {

/* Begin PBXBuildFile section */
		4A56EFB51FBB743F0031A527 /* RulerViewController.swift in Sources */ = {isa = PBXBuildFile; fileRef = 4A56EFB41FBB743F0031A527 /* RulerViewController.swift */; };
		4A8F896C1FBADB4C00AD524B /* AppDelegate.swift in Sources */ = {isa = PBXBuildFile; fileRef = 4A8F896B1FBADB4C00AD524B /* AppDelegate.swift */; };
		4A8F896E1FBADB4C00AD524B /* art.scnassets in Resources */ = {isa = PBXBuildFile; fileRef = 4A8F896D1FBADB4C00AD524B /* art.scnassets */; };
		4A8F89701FBADB4C00AD524B /* ViewController.swift in Sources */ = {isa = PBXBuildFile; fileRef = 4A8F896F1FBADB4C00AD524B /* ViewController.swift */; };
		4A8F89731FBADB4C00AD524B /* Main.storyboard in Resources */ = {isa = PBXBuildFile; fileRef = 4A8F89711FBADB4C00AD524B /* Main.storyboard */; };
		4A8F89751FBADB4C00AD524B /* Assets.xcassets in Resources */ = {isa = PBXBuildFile; fileRef = 4A8F89741FBADB4C00AD524B /* Assets.xcassets */; };
		4A8F89781FBADB4C00AD524B /* LaunchScreen.storyboard in Resources */ = {isa = PBXBuildFile; fileRef = 4A8F89761FBADB4C00AD524B /* LaunchScreen.storyboard */; };
		4A8F89801FBADE3100AD524B /* ShipViewController.swift in Sources */ = {isa = PBXBuildFile; fileRef = 4A8F897F1FBADE3100AD524B /* ShipViewController.swift */; };
		4A8F89821FBADE4000AD524B /* EarthViewController.swift in Sources */ = {isa = PBXBuildFile; fileRef = 4A8F89811FBADE4000AD524B /* EarthViewController.swift */; };
/* End PBXBuildFile section */

/* Begin PBXFileReference section */
		4A56EFB41FBB743F0031A527 /* RulerViewController.swift */ = {isa = PBXFileReference; lastKnownFileType = sourcecode.swift; path = RulerViewController.swift; sourceTree = "<group>"; };
		4A8F89681FBADB4C00AD524B /* ITP AR.app */ = {isa = PBXFileReference; explicitFileType = wrapper.application; includeInIndex = 0; path = "ITP AR.app"; sourceTree = BUILT_PRODUCTS_DIR; };
		4A8F896B1FBADB4C00AD524B /* AppDelegate.swift */ = {isa = PBXFileReference; lastKnownFileType = sourcecode.swift; path = AppDelegate.swift; sourceTree = "<group>"; };
		4A8F896D1FBADB4C00AD524B /* art.scnassets */ = {isa = PBXFileReference; lastKnownFileType = wrapper.scnassets; path = art.scnassets; sourceTree = "<group>"; };
		4A8F896F1FBADB4C00AD524B /* ViewController.swift */ = {isa = PBXFileReference; lastKnownFileType = sourcecode.swift; path = ViewController.swift; sourceTree = "<group>"; };
		4A8F89721FBADB4C00AD524B /* Base */ = {isa = PBXFileReference; lastKnownFileType = file.storyboard; name = Base; path = Base.lproj/Main.storyboard; sourceTree = "<group>"; };
		4A8F89741FBADB4C00AD524B /* Assets.xcassets */ = {isa = PBXFileReference; lastKnownFileType = folder.assetcatalog; path = Assets.xcassets; sourceTree = "<group>"; };
		4A8F89771FBADB4C00AD524B /* Base */ = {isa = PBXFileReference; lastKnownFileType = file.storyboard; name = Base; path = Base.lproj/LaunchScreen.storyboard; sourceTree = "<group>"; };
		4A8F89791FBADB4C00AD524B /* Info.plist */ = {isa = PBXFileReference; lastKnownFileType = text.plist.xml; path = Info.plist; sourceTree = "<group>"; };
		4A8F897F1FBADE3100AD524B /* ShipViewController.swift */ = {isa = PBXFileReference; lastKnownFileType = sourcecode.swift; path = ShipViewController.swift; sourceTree = "<group>"; };
		4A8F89811FBADE4000AD524B /* EarthViewController.swift */ = {isa = PBXFileReference; lastKnownFileType = sourcecode.swift; path = EarthViewController.swift; sourceTree = "<group>"; };
/* End PBXFileReference section */

/* Begin PBXFrameworksBuildPhase section */
		4A8F89651FBADB4C00AD524B /* Frameworks */ = {
			isa = PBXFrameworksBuildPhase;
			buildActionMask = 2147483647;
			files = (
			);
			runOnlyForDeploymentPostprocessing = 0;
		};
/* End PBXFrameworksBuildPhase section */

/* Begin PBXGroup section */
		4A8F895F1FBADB4C00AD524B = {
			isa = PBXGroup;
			children = (
				4A8F896A1FBADB4C00AD524B /* ITP AR */,
				4A8F89691FBADB4C00AD524B /* Products */,
			);
			sourceTree = "<group>";
		};
		4A8F89691FBADB4C00AD524B /* Products */ = {
			isa = PBXGroup;
			children = (
				4A8F89681FBADB4C00AD524B /* ITP AR.app */,
			);
			name = Products;
			sourceTree = "<group>";
		};
		4A8F896A1FBADB4C00AD524B /* ITP AR */ = {
			isa = PBXGroup;
			children = (
				4A8F896B1FBADB4C00AD524B /* AppDelegate.swift */,
				4A8F896F1FBADB4C00AD524B /* ViewController.swift */,
				4A8F89811FBADE4000AD524B /* EarthViewController.swift */,
				4A8F897F1FBADE3100AD524B /* ShipViewController.swift */,
				4A56EFB41FBB743F0031A527 /* RulerViewController.swift */,
				4A8F896D1FBADB4C00AD524B /* art.scnassets */,
				4A8F89741FBADB4C00AD524B /* Assets.xcassets */,
				4A8F89711FBADB4C00AD524B /* Main.storyboard */,
				4A8F89761FBADB4C00AD524B /* LaunchScreen.storyboard */,
				4A8F89791FBADB4C00AD524B /* Info.plist */,
			);
			path = "ITP AR";
			sourceTree = "<group>";
		};
/* End PBXGroup section */

/* Begin PBXNativeTarget section */
		4A8F89671FBADB4C00AD524B /* ITP AR */ = {
			isa = PBXNativeTarget;
			buildConfigurationList = 4A8F897C1FBADB4C00AD524B /* Build configuration list for PBXNativeTarget "ITP AR" */;
			buildPhases = (
				4A8F89641FBADB4C00AD524B /* Sources */,
				4A8F89651FBADB4C00AD524B /* Frameworks */,
				4A8F89661FBADB4C00AD524B /* Resources */,
			);
			buildRules = (
			);
			dependencies = (
			);
			name = "ITP AR";
			productName = "ITP AR";
			productReference = 4A8F89681FBADB4C00AD524B /* ITP AR.app */;
			productType = "com.apple.product-type.application";
		};
/* End PBXNativeTarget section */

/* Begin PBXProject section */
		4A8F89601FBADB4C00AD524B /* Project object */ = {
			isa = PBXProject;
			attributes = {
				LastSwiftUpdateCheck = 0910;
				LastUpgradeCheck = 0910;
				ORGANIZATIONNAME = "IT Paradise";
				TargetAttributes = {
					4A8F89671FBADB4C00AD524B = {
						CreatedOnToolsVersion = 9.1;
						ProvisioningStyle = Automatic;
					};
				};
			};
			buildConfigurationList = 4A8F89631FBADB4C00AD524B /* Build configuration list for PBXProject "ITP AR" */;
			compatibilityVersion = "Xcode 8.0";
			developmentRegion = en;
			hasScannedForEncodings = 0;
			knownRegions = (
				en,
				Base,
			);
			mainGroup = 4A8F895F1FBADB4C00AD524B;
			productRefGroup = 4A8F89691FBADB4C00AD524B /* Products */;
			projectDirPath = "";
			projectRoot = "";
			targets = (
				4A8F89671FBADB4C00AD524B /* ITP AR */,
			);
		};
/* End PBXProject section */

/* Begin PBXResourcesBuildPhase section */
		4A8F89661FBADB4C00AD524B /* Resources */ = {
			isa = PBXResourcesBuildPhase;
			buildActionMask = 2147483647;
			files = (
				4A8F896E1FBADB4C00AD524B /* art.scnassets in Resources */,
				4A8F89781FBADB4C00AD524B /* LaunchScreen.storyboard in Resources */,
				4A8F89751FBADB4C00AD524B /* Assets.xcassets in Resources */,
				4A8F89731FBADB4C00AD524B /* Main.storyboard in Resources */,
			);
			runOnlyForDeploymentPostprocessing = 0;
		};
/* End PBXResourcesBuildPhase section */

/* Begin PBXSourcesBuildPhase section */
		4A8F89641FBADB4C00AD524B /* Sources */ = {
			isa = PBXSourcesBuildPhase;
			buildActionMask = 2147483647;
			files = (
				4A8F89701FBADB4C00AD524B /* ViewController.swift in Sources */,
				4A56EFB51FBB743F0031A527 /* RulerViewController.swift in Sources */,
				4A8F896C1FBADB4C00AD524B /* AppDelegate.swift in Sources */,
				4A8F89801FBADE3100AD524B /* ShipViewController.swift in Sources */,
				4A8F89821FBADE4000AD524B /* EarthViewController.swift in Sources */,
			);
			runOnlyForDeploymentPostprocessing = 0;
		};
/* End PBXSourcesBuildPhase section */

/* Begin PBXVariantGroup section */
		4A8F89711FBADB4C00AD524B /* Main.storyboard */ = {
			isa = PBXVariantGroup;
			children = (
				4A8F89721FBADB4C00AD524B /* Base */,
			);
			name = Main.storyboard;
			sourceTree = "<group>";
		};
		4A8F89761FBADB4C00AD524B /* LaunchScreen.storyboard */ = {
			isa = PBXVariantGroup;
			children = (
				4A8F89771FBADB4C00AD524B /* Base */,
			);
			name = LaunchScreen.storyboard;
			sourceTree = "<group>";
		};
/* End PBXVariantGroup section */

/* Begin XCBuildConfiguration section */
		4A8F897A1FBADB4C00AD524B /* Debug */ = {
			isa = XCBuildConfiguration;
			buildSettings = {
				ALWAYS_SEARCH_USER_PATHS = NO;
				CLANG_ANALYZER_NONNULL = YES;
				CLANG_ANALYZER_NUMBER_OBJECT_CONVERSION = YES_AGGRESSIVE;
				CLANG_CXX_LANGUAGE_STANDARD = "gnu++14";
				CLANG_CXX_LIBRARY = "libc++";
				CLANG_ENABLE_MODULES = YES;
				CLANG_ENABLE_OBJC_ARC = YES;
				CLANG_WARN_BLOCK_CAPTURE_AUTORELEASING = YES;
				CLANG_WARN_BOOL_CONVERSION = YES;
				CLANG_WARN_COMMA = YES;
				CLANG_WARN_CONSTANT_CONVERSION = YES;
				CLANG_WARN_DIRECT_OBJC_ISA_USAGE = YES_ERROR;
				CLANG_WARN_DOCUMENTATION_COMMENTS = YES;
				CLANG_WARN_EMPTY_BODY = YES;
				CLANG_WARN_ENUM_CONVERSION = YES;
				CLANG_WARN_INFINITE_RECURSION = YES;
				CLANG_WARN_INT_CONVERSION = YES;
				CLANG_WARN_NON_LITERAL_NULL_CONVERSION = YES;
				CLANG_WARN_OBJC_LITERAL_CONVERSION = YES;
				CLANG_WARN_OBJC_ROOT_CLASS = YES_ERROR;
				CLANG_WARN_RANGE_LOOP_ANALYSIS = YES;
				CLANG_WARN_STRICT_PROTOTYPES = YES;
				CLANG_WARN_SUSPICIOUS_MOVE = YES;
				CLANG_WARN_UNGUARDED_AVAILABILITY = YES_AGGRESSIVE;
				CLANG_WARN_UNREACHABLE_CODE = YES;
				CLANG_WARN__DUPLICATE_METHOD_MATCH = YES;
				CODE_SIGN_IDENTITY = "iPhone Developer";
				COPY_PHASE_STRIP = NO;
				DEBUG_INFORMATION_FORMAT = dwarf;
				ENABLE_STRICT_OBJC_MSGSEND = YES;
				ENABLE_TESTABILITY = YES;
				GCC_C_LANGUAGE_STANDARD = gnu11;
				GCC_DYNAMIC_NO_PIC = NO;
				GCC_NO_COMMON_BLOCKS = YES;
				GCC_OPTIMIZATION_LEVEL = 0;
				GCC_PREPROCESSOR_DEFINITIONS = (
					"DEBUG=1",
					"$(inherited)",
				);
				GCC_WARN_64_TO_32_BIT_CONVERSION = YES;
				GCC_WARN_ABOUT_RETURN_TYPE = YES_ERROR;
				GCC_WARN_UNDECLARED_SELECTOR = YES;
				GCC_WARN_UNINITIALIZED_AUTOS = YES_AGGRESSIVE;
				GCC_WARN_UNUSED_FUNCTION = YES;
				GCC_WARN_UNUSED_VARIABLE = YES;
				IPHONEOS_DEPLOYMENT_TARGET = 11.1;
				MTL_ENABLE_DEBUG_INFO = YES;
				ONLY_ACTIVE_ARCH = YES;
				SDKROOT = iphoneos;
				SWIFT_ACTIVE_COMPILATION_CONDITIONS = DEBUG;
				SWIFT_OPTIMIZATION_LEVEL = "-Onone";
			};
			name = Debug;
		};
		4A8F897B1FBADB4C00AD524B /* Release */ = {
			isa = XCBuildConfiguration;
			buildSettings = {
				ALWAYS_SEARCH_USER_PATHS = NO;
				CLANG_ANALYZER_NONNULL = YES;
				CLANG_ANALYZER_NUMBER_OBJECT_CONVERSION = YES_AGGRESSIVE;
				CLANG_CXX_LANGUAGE_STANDARD = "gnu++14";
				CLANG_CXX_LIBRARY = "libc++";
				CLANG_ENABLE_MODULES = YES;
				CLANG_ENABLE_OBJC_ARC = YES;
				CLANG_WARN_BLOCK_CAPTURE_AUTORELEASING = YES;
				CLANG_WARN_BOOL_CONVERSION = YES;
				CLANG_WARN_COMMA = YES;
				CLANG_WARN_CONSTANT_CONVERSION = YES;
				CLANG_WARN_DIRECT_OBJC_ISA_USAGE = YES_ERROR;
				CLANG_WARN_DOCUMENTATION_COMMENTS = YES;
				CLANG_WARN_EMPTY_BODY = YES;
				CLANG_WARN_ENUM_CONVERSION = YES;
				CLANG_WARN_INFINITE_RECURSION = YES;
				CLANG_WARN_INT_CONVERSION = YES;
				CLANG_WARN_NON_LITERAL_NULL_CONVERSION = YES;
				CLANG_WARN_OBJC_LITERAL_CONVERSION = YES;
				CLANG_WARN_OBJC_ROOT_CLASS = YES_ERROR;
				CLANG_WARN_RANGE_LOOP_ANALYSIS = YES;
				CLANG_WARN_STRICT_PROTOTYPES = YES;
				CLANG_WARN_SUSPICIOUS_MOVE = YES;
				CLANG_WARN_UNGUARDED_AVAILABILITY = YES_AGGRESSIVE;
				CLANG_WARN_UNREACHABLE_CODE = YES;
				CLANG_WARN__DUPLICATE_METHOD_MATCH = YES;
				CODE_SIGN_IDENTITY = "iPhone Developer";
				COPY_PHASE_STRIP = NO;
				DEBUG_INFORMATION_FORMAT = "dwarf-with-dsym";
				ENABLE_NS_ASSERTIONS = NO;
				ENABLE_STRICT_OBJC_MSGSEND = YES;
				GCC_C_LANGUAGE_STANDARD = gnu11;
				GCC_NO_COMMON_BLOCKS = YES;
				GCC_WARN_64_TO_32_BIT_CONVERSION = YES;
				GCC_WARN_ABOUT_RETURN_TYPE = YES_ERROR;
				GCC_WARN_UNDECLARED_SELECTOR = YES;
				GCC_WARN_UNINITIALIZED_AUTOS = YES_AGGRESSIVE;
				GCC_WARN_UNUSED_FUNCTION = YES;
				GCC_WARN_UNUSED_VARIABLE = YES;
				IPHONEOS_DEPLOYMENT_TARGET = 11.1;
				MTL_ENABLE_DEBUG_INFO = NO;
				SDKROOT = iphoneos;
				SWIFT_OPTIMIZATION_LEVEL = "-Owholemodule";
				VALIDATE_PRODUCT = YES;
			};
			name = Release;
		};
		4A8F897D1FBADB4C00AD524B /* Debug */ = {
			isa = XCBuildConfiguration;
			buildSettings = {
				ASSETCATALOG_COMPILER_APPICON_NAME = AppIcon;
				CODE_SIGN_STYLE = Automatic;
				DEVELOPMENT_TEAM = G7935CN8Y4;
				INFOPLIST_FILE = "ITP AR/Info.plist";
				IPHONEOS_DEPLOYMENT_TARGET = 11.0;
				LD_RUNPATH_SEARCH_PATHS = "$(inherited) @executable_path/Frameworks";
				PRODUCT_BUNDLE_IDENTIFIER = "com.itparadise.ITP-AR";
				PRODUCT_NAME = "$(TARGET_NAME)";
				SWIFT_VERSION = 4.0;
				TARGETED_DEVICE_FAMILY = 1;
			};
			name = Debug;
		};
		4A8F897E1FBADB4C00AD524B /* Release */ = {
			isa = XCBuildConfiguration;
			buildSettings = {
				ASSETCATALOG_COMPILER_APPICON_NAME = AppIcon;
				CODE_SIGN_STYLE = Automatic;
				DEVELOPMENT_TEAM = G7935CN8Y4;
				INFOPLIST_FILE = "ITP AR/Info.plist";
				IPHONEOS_DEPLOYMENT_TARGET = 11.0;
				LD_RUNPATH_SEARCH_PATHS = "$(inherited) @executable_path/Frameworks";
				PRODUCT_BUNDLE_IDENTIFIER = "com.itparadise.ITP-AR";
				PRODUCT_NAME = "$(TARGET_NAME)";
				SWIFT_VERSION = 4.0;
				TARGETED_DEVICE_FAMILY = 1;
			};
			name = Release;
		};
/* End XCBuildConfiguration section */

/* Begin XCConfigurationList section */
		4A8F89631FBADB4C00AD524B /* Build configuration list for PBXProject "ITP AR" */ = {
			isa = XCConfigurationList;
			buildConfigurations = (
				4A8F897A1FBADB4C00AD524B /* Debug */,
				4A8F897B1FBADB4C00AD524B /* Release */,
			);
			defaultConfigurationIsVisible = 0;
			defaultConfigurationName = Release;
		};
		4A8F897C1FBADB4C00AD524B /* Build configuration list for PBXNativeTarget "ITP AR" */ = {
			isa = XCConfigurationList;
			buildConfigurations = (
				4A8F897D1FBADB4C00AD524B /* Debug */,
				4A8F897E1FBADB4C00AD524B /* Release */,
			);
			defaultConfigurationIsVisible = 0;
			defaultConfigurationName = Release;
		};
/* End XCConfigurationList section */
	};
	rootObject = 4A8F89601FBADB4C00AD524B /* Project object */;
}
